
Microsoft Visual Studio Solution File, Format Version 12.00
# Visual Studio Version 17
VisualStudioVersion = 17.7.34031.279
MinimumVisualStudioVersion = 10.0.40219.1
Project("{9A19103F-16F7-4668-BE54-9A1E7A4F7556}") = "MatchRecorder", "MatchRecorder\MatchRecorder.csproj", "{E4AB7ED5-3306-4688-98FA-01FE183532F3}"
	ProjectSection(ProjectDependencies) = postProject
		{317BD903-A8A0-4109-8428-8F833601B4DC} = {317BD903-A8A0-4109-8428-8F833601B4DC}
		{14A7AEA1-81E7-4E0C-B887-7154B4581C6E} = {14A7AEA1-81E7-4E0C-B887-7154B4581C6E}
	EndProjectSection
EndProject
Project("{9A19103F-16F7-4668-BE54-9A1E7A4F7556}") = "MatchUploader", "MatchUploader\MatchUploader.csproj", "{C78C371D-900D-4DA0-B8C3-77B16A40832E}"
	ProjectSection(ProjectDependencies) = postProject
		{14A7AEA1-81E7-4E0C-B887-7154B4581C6E} = {14A7AEA1-81E7-4E0C-B887-7154B4581C6E}
	EndProjectSection
EndProject
Project("{9A19103F-16F7-4668-BE54-9A1E7A4F7556}") = "MatchBot", "MatchBot\MatchBot.csproj", "{94A42ABA-B3A4-46F3-9F5E-E5D4C12515B3}"
	ProjectSection(ProjectDependencies) = postProject
		{14A7AEA1-81E7-4E0C-B887-7154B4581C6E} = {14A7AEA1-81E7-4E0C-B887-7154B4581C6E}
	EndProjectSection
EndProject
Project("{9A19103F-16F7-4668-BE54-9A1E7A4F7556}") = "MatchShared", "MatchShared\MatchShared.csproj", "{14A7AEA1-81E7-4E0C-B887-7154B4581C6E}"
EndProject
Project("{9A19103F-16F7-4668-BE54-9A1E7A4F7556}") = "MatchTest", "MatchTest\MatchTest.csproj", "{D84BD08E-C03F-4AD8-B1D0-F3CB02EA5D98}"
EndProject
Project("{9A19103F-16F7-4668-BE54-9A1E7A4F7556}") = "MatchRecorder.OOP", "MatchRecorder.OOP\MatchRecorder.OOP.csproj", "{317BD903-A8A0-4109-8428-8F833601B4DC}"
EndProject
Project("{9A19103F-16F7-4668-BE54-9A1E7A4F7556}") = "MatchRecorder.Shared", "MatchRecorder.Shared\MatchRecorder.Shared.csproj", "{334BF617-4AB5-4CC9-8C37-46D412E3BDA5}"
EndProject
Project("{9A19103F-16F7-4668-BE54-9A1E7A4F7556}") = "MatchShared.Databases", "MatchShared.Databases\MatchShared.Databases.csproj", "{E37BEDE5-4525-4DE1-982D-92C7CE0DCFEA}"
EndProject
Project("{9A19103F-16F7-4668-BE54-9A1E7A4F7556}") = "MatchRecorder.Companion", "MatchRecorder.Companion\MatchRecorder.Companion.csproj", "{96FB8685-C73D-478C-B60D-D97F25A73664}"
EndProject
Project("{2150E333-8FDC-42A3-9474-1A3956D46DE8}") = "Recorder", "Recorder", "{9E7F1C69-8E6C-4F49-B0B5-9105F2DD47C2}"
EndProject
Project("{2150E333-8FDC-42A3-9474-1A3956D46DE8}") = "Miscellaneous", "Miscellaneous", "{FFB9AC74-7CDB-495C-9E88-B1908C42928C}"
EndProject
Project("{2150E333-8FDC-42A3-9474-1A3956D46DE8}") = "Shared", "Shared", "{BA7634C0-27F1-42B4-AA8F-299F387AEEE0}"
EndProject
Project("{2150E333-8FDC-42A3-9474-1A3956D46DE8}") = "Configs", "Configs", "{087276F0-44FC-4B5E-9839-F30D0E4EA35C}"
	ProjectSection(SolutionItems) = preProject
		Directory.Build.props = Directory.Build.props
	EndProjectSection
EndProject
Project("{2150E333-8FDC-42A3-9474-1A3956D46DE8}") = "Settings", "Settings", "{9877B777-4261-47EC-9AC5-AFACD0342BA0}"
	ProjectSection(SolutionItems) = preProject
		Settings\appsettings.json = Settings\appsettings.json
		Settings\bot.json = Settings\bot.json
		Settings\obs.json = Settings\obs.json
		Settings\shared.json = Settings\shared.json
		Settings\shared_debug.json = Settings\shared_debug.json
		Settings\uploader.json = Settings\uploader.json
	EndProjectSection
	ProjectSection(FolderGlobals) = preProject
		C_5_4Users_4Jvsth_4OneDrive_4Documents_4DuckGameMods_4MatchTracker_4Settings_4bot_1json__JsonSchema = 
	EndProjectSection
EndProject
Project("{2150E333-8FDC-42A3-9474-1A3956D46DE8}") = "Viewer", "Viewer", "{E19F5A46-55C7-4DD2-BE4F-7361AEAA07E6}"
EndProject
Project("{9A19103F-16F7-4668-BE54-9A1E7A4F7556}") = "MatchViewer.Wasm", "MatchViewer.Wasm\MatchViewer.Wasm.csproj", "{3634CE11-F8B4-448C-A7CD-1BE570FC39A0}"
EndProject
Project("{9A19103F-16F7-4668-BE54-9A1E7A4F7556}") = "MatchViewer.Server", "MatchViewer.Server\MatchViewer.Server.csproj", "{009E9C47-5AF0-4BB9-ADC3-F57243AC00DE}"
EndProject
Project("{9A19103F-16F7-4668-BE54-9A1E7A4F7556}") = "MatchViewer.Shared", "MatchViewer.Shared\MatchViewer.Shared.csproj", "{CEC03591-4373-4548-823A-563A70CBB7E0}"
EndProject
Project("{9A19103F-16F7-4668-BE54-9A1E7A4F7556}") = "MatchShared.Databases.LiteDB", "MatchShared.Databases.LiteDB\MatchShared.Databases.LiteDB.csproj", "{76065DE0-D2C9-4CDE-807D-F4CA2BCE16FF}"
EndProject
Global
	GlobalSection(SolutionConfigurationPlatforms) = preSolution
		Debug|Any CPU = Debug|Any CPU
		Debug|x86 = Debug|x86
		Release|Any CPU = Release|Any CPU
		Release|x86 = Release|x86
	EndGlobalSection
	GlobalSection(ProjectConfigurationPlatforms) = postSolution
		{E4AB7ED5-3306-4688-98FA-01FE183532F3}.Debug|Any CPU.ActiveCfg = Debug|x86
		{E4AB7ED5-3306-4688-98FA-01FE183532F3}.Debug|Any CPU.Build.0 = Debug|x86
		{E4AB7ED5-3306-4688-98FA-01FE183532F3}.Debug|x86.ActiveCfg = Debug|x86
		{E4AB7ED5-3306-4688-98FA-01FE183532F3}.Debug|x86.Build.0 = Debug|x86
		{E4AB7ED5-3306-4688-98FA-01FE183532F3}.Release|Any CPU.ActiveCfg = Release|x86
		{E4AB7ED5-3306-4688-98FA-01FE183532F3}.Release|Any CPU.Build.0 = Release|x86
		{E4AB7ED5-3306-4688-98FA-01FE183532F3}.Release|x86.ActiveCfg = Release|x86
		{E4AB7ED5-3306-4688-98FA-01FE183532F3}.Release|x86.Build.0 = Release|x86
		{C78C371D-900D-4DA0-B8C3-77B16A40832E}.Debug|Any CPU.ActiveCfg = Debug|Any CPU
		{C78C371D-900D-4DA0-B8C3-77B16A40832E}.Debug|Any CPU.Build.0 = Debug|Any CPU
		{C78C371D-900D-4DA0-B8C3-77B16A40832E}.Debug|x86.ActiveCfg = Debug|Any CPU
		{C78C371D-900D-4DA0-B8C3-77B16A40832E}.Debug|x86.Build.0 = Debug|Any CPU
		{C78C371D-900D-4DA0-B8C3-77B16A40832E}.Release|Any CPU.ActiveCfg = Release|Any CPU
		{C78C371D-900D-4DA0-B8C3-77B16A40832E}.Release|Any CPU.Build.0 = Release|Any CPU
		{C78C371D-900D-4DA0-B8C3-77B16A40832E}.Release|x86.ActiveCfg = Release|Any CPU
		{C78C371D-900D-4DA0-B8C3-77B16A40832E}.Release|x86.Build.0 = Release|Any CPU
		{94A42ABA-B3A4-46F3-9F5E-E5D4C12515B3}.Debug|Any CPU.ActiveCfg = Debug|Any CPU
		{94A42ABA-B3A4-46F3-9F5E-E5D4C12515B3}.Debug|Any CPU.Build.0 = Debug|Any CPU
		{94A42ABA-B3A4-46F3-9F5E-E5D4C12515B3}.Debug|x86.ActiveCfg = Debug|Any CPU
		{94A42ABA-B3A4-46F3-9F5E-E5D4C12515B3}.Debug|x86.Build.0 = Debug|Any CPU
		{94A42ABA-B3A4-46F3-9F5E-E5D4C12515B3}.Release|Any CPU.ActiveCfg = Release|Any CPU
		{94A42ABA-B3A4-46F3-9F5E-E5D4C12515B3}.Release|Any CPU.Build.0 = Release|Any CPU
		{94A42ABA-B3A4-46F3-9F5E-E5D4C12515B3}.Release|x86.ActiveCfg = Release|Any CPU
		{94A42ABA-B3A4-46F3-9F5E-E5D4C12515B3}.Release|x86.Build.0 = Release|Any CPU
		{14A7AEA1-81E7-4E0C-B887-7154B4581C6E}.Debug|Any CPU.ActiveCfg = Debug|Any CPU
		{14A7AEA1-81E7-4E0C-B887-7154B4581C6E}.Debug|Any CPU.Build.0 = Debug|Any CPU
		{14A7AEA1-81E7-4E0C-B887-7154B4581C6E}.Debug|x86.ActiveCfg = Debug|Any CPU
		{14A7AEA1-81E7-4E0C-B887-7154B4581C6E}.Debug|x86.Build.0 = Debug|Any CPU
		{14A7AEA1-81E7-4E0C-B887-7154B4581C6E}.Release|Any CPU.ActiveCfg = Release|Any CPU
		{14A7AEA1-81E7-4E0C-B887-7154B4581C6E}.Release|Any CPU.Build.0 = Release|Any CPU
		{14A7AEA1-81E7-4E0C-B887-7154B4581C6E}.Release|x86.ActiveCfg = Release|Any CPU
		{14A7AEA1-81E7-4E0C-B887-7154B4581C6E}.Release|x86.Build.0 = Release|Any CPU
		{D84BD08E-C03F-4AD8-B1D0-F3CB02EA5D98}.Debug|Any CPU.ActiveCfg = Debug|Any CPU
		{D84BD08E-C03F-4AD8-B1D0-F3CB02EA5D98}.Debug|Any CPU.Build.0 = Debug|Any CPU
		{D84BD08E-C03F-4AD8-B1D0-F3CB02EA5D98}.Debug|x86.ActiveCfg = Debug|Any CPU
		{D84BD08E-C03F-4AD8-B1D0-F3CB02EA5D98}.Debug|x86.Build.0 = Debug|Any CPU
		{D84BD08E-C03F-4AD8-B1D0-F3CB02EA5D98}.Release|Any CPU.ActiveCfg = Release|Any CPU
		{D84BD08E-C03F-4AD8-B1D0-F3CB02EA5D98}.Release|Any CPU.Build.0 = Release|Any CPU
		{D84BD08E-C03F-4AD8-B1D0-F3CB02EA5D98}.Release|x86.ActiveCfg = Release|Any CPU
		{D84BD08E-C03F-4AD8-B1D0-F3CB02EA5D98}.Release|x86.Build.0 = Release|Any CPU
		{317BD903-A8A0-4109-8428-8F833601B4DC}.Debug|Any CPU.ActiveCfg = Debug|Any CPU
		{317BD903-A8A0-4109-8428-8F833601B4DC}.Debug|Any CPU.Build.0 = Debug|Any CPU
		{317BD903-A8A0-4109-8428-8F833601B4DC}.Debug|x86.ActiveCfg = Debug|Any CPU
		{317BD903-A8A0-4109-8428-8F833601B4DC}.Debug|x86.Build.0 = Debug|Any CPU
		{317BD903-A8A0-4109-8428-8F833601B4DC}.Release|Any CPU.ActiveCfg = Release|Any CPU
		{317BD903-A8A0-4109-8428-8F833601B4DC}.Release|Any CPU.Build.0 = Release|Any CPU
		{317BD903-A8A0-4109-8428-8F833601B4DC}.Release|x86.ActiveCfg = Release|Any CPU
		{317BD903-A8A0-4109-8428-8F833601B4DC}.Release|x86.Build.0 = Release|Any CPU
		{334BF617-4AB5-4CC9-8C37-46D412E3BDA5}.Debug|Any CPU.ActiveCfg = Debug|Any CPU
		{334BF617-4AB5-4CC9-8C37-46D412E3BDA5}.Debug|Any CPU.Build.0 = Debug|Any CPU
		{334BF617-4AB5-4CC9-8C37-46D412E3BDA5}.Debug|x86.ActiveCfg = Debug|Any CPU
		{334BF617-4AB5-4CC9-8C37-46D412E3BDA5}.Debug|x86.Build.0 = Debug|Any CPU
		{334BF617-4AB5-4CC9-8C37-46D412E3BDA5}.Release|Any CPU.ActiveCfg = Release|Any CPU
		{334BF617-4AB5-4CC9-8C37-46D412E3BDA5}.Release|Any CPU.Build.0 = Release|Any CPU
		{334BF617-4AB5-4CC9-8C37-46D412E3BDA5}.Release|x86.ActiveCfg = Release|Any CPU
		{334BF617-4AB5-4CC9-8C37-46D412E3BDA5}.Release|x86.Build.0 = Release|Any CPU
		{E37BEDE5-4525-4DE1-982D-92C7CE0DCFEA}.Debug|Any CPU.ActiveCfg = Debug|Any CPU
		{E37BEDE5-4525-4DE1-982D-92C7CE0DCFEA}.Debug|Any CPU.Build.0 = Debug|Any CPU
		{E37BEDE5-4525-4DE1-982D-92C7CE0DCFEA}.Debug|x86.ActiveCfg = Debug|Any CPU
		{E37BEDE5-4525-4DE1-982D-92C7CE0DCFEA}.Debug|x86.Build.0 = Debug|Any CPU
		{E37BEDE5-4525-4DE1-982D-92C7CE0DCFEA}.Release|Any CPU.ActiveCfg = Release|Any CPU
		{E37BEDE5-4525-4DE1-982D-92C7CE0DCFEA}.Release|Any CPU.Build.0 = Release|Any CPU
		{E37BEDE5-4525-4DE1-982D-92C7CE0DCFEA}.Release|x86.ActiveCfg = Release|Any CPU
		{E37BEDE5-4525-4DE1-982D-92C7CE0DCFEA}.Release|x86.Build.0 = Release|Any CPU
		{96FB8685-C73D-478C-B60D-D97F25A73664}.Debug|Any CPU.ActiveCfg = Debug|x86
		{96FB8685-C73D-478C-B60D-D97F25A73664}.Debug|Any CPU.Build.0 = Debug|x86
		{96FB8685-C73D-478C-B60D-D97F25A73664}.Debug|x86.ActiveCfg = Debug|x86
		{96FB8685-C73D-478C-B60D-D97F25A73664}.Debug|x86.Build.0 = Debug|x86
		{96FB8685-C73D-478C-B60D-D97F25A73664}.Release|Any CPU.ActiveCfg = Release|x86
		{96FB8685-C73D-478C-B60D-D97F25A73664}.Release|Any CPU.Build.0 = Release|x86
		{96FB8685-C73D-478C-B60D-D97F25A73664}.Release|x86.ActiveCfg = Release|x86
		{96FB8685-C73D-478C-B60D-D97F25A73664}.Release|x86.Build.0 = Release|x86
		{3634CE11-F8B4-448C-A7CD-1BE570FC39A0}.Debug|Any CPU.ActiveCfg = Debug|Any CPU
		{3634CE11-F8B4-448C-A7CD-1BE570FC39A0}.Debug|Any CPU.Build.0 = Debug|Any CPU
		{3634CE11-F8B4-448C-A7CD-1BE570FC39A0}.Debug|x86.ActiveCfg = Debug|Any CPU
		{3634CE11-F8B4-448C-A7CD-1BE570FC39A0}.Debug|x86.Build.0 = Debug|Any CPU
		{3634CE11-F8B4-448C-A7CD-1BE570FC39A0}.Release|Any CPU.ActiveCfg = Release|Any CPU
		{3634CE11-F8B4-448C-A7CD-1BE570FC39A0}.Release|Any CPU.Build.0 = Release|Any CPU
		{3634CE11-F8B4-448C-A7CD-1BE570FC39A0}.Release|x86.ActiveCfg = Release|Any CPU
		{3634CE11-F8B4-448C-A7CD-1BE570FC39A0}.Release|x86.Build.0 = Release|Any CPU
		{009E9C47-5AF0-4BB9-ADC3-F57243AC00DE}.Debug|Any CPU.ActiveCfg = Debug|Any CPU
		{009E9C47-5AF0-4BB9-ADC3-F57243AC00DE}.Debug|Any CPU.Build.0 = Debug|Any CPU
		{009E9C47-5AF0-4BB9-ADC3-F57243AC00DE}.Debug|x86.ActiveCfg = Debug|Any CPU
		{009E9C47-5AF0-4BB9-ADC3-F57243AC00DE}.Debug|x86.Build.0 = Debug|Any CPU
		{009E9C47-5AF0-4BB9-ADC3-F57243AC00DE}.Release|Any CPU.ActiveCfg = Release|Any CPU
		{009E9C47-5AF0-4BB9-ADC3-F57243AC00DE}.Release|Any CPU.Build.0 = Release|Any CPU
		{009E9C47-5AF0-4BB9-ADC3-F57243AC00DE}.Release|x86.ActiveCfg = Release|Any CPU
		{009E9C47-5AF0-4BB9-ADC3-F57243AC00DE}.Release|x86.Build.0 = Release|Any CPU
		{CEC03591-4373-4548-823A-563A70CBB7E0}.Debug|Any CPU.ActiveCfg = Debug|Any CPU
		{CEC03591-4373-4548-823A-563A70CBB7E0}.Debug|Any CPU.Build.0 = Debug|Any CPU
		{CEC03591-4373-4548-823A-563A70CBB7E0}.Debug|x86.ActiveCfg = Debug|Any CPU
		{CEC03591-4373-4548-823A-563A70CBB7E0}.Debug|x86.Build.0 = Debug|Any CPU
		{CEC03591-4373-4548-823A-563A70CBB7E0}.Release|Any CPU.ActiveCfg = Release|Any CPU
		{CEC03591-4373-4548-823A-563A70CBB7E0}.Release|Any CPU.Build.0 = Release|Any CPU
		{CEC03591-4373-4548-823A-563A70CBB7E0}.Release|x86.ActiveCfg = Release|Any CPU
		{CEC03591-4373-4548-823A-563A70CBB7E0}.Release|x86.Build.0 = Release|Any CPU
		{76065DE0-D2C9-4CDE-807D-F4CA2BCE16FF}.Debug|Any CPU.ActiveCfg = Debug|Any CPU
		{76065DE0-D2C9-4CDE-807D-F4CA2BCE16FF}.Debug|Any CPU.Build.0 = Debug|Any CPU
		{76065DE0-D2C9-4CDE-807D-F4CA2BCE16FF}.Debug|x86.ActiveCfg = Debug|Any CPU
		{76065DE0-D2C9-4CDE-807D-F4CA2BCE16FF}.Debug|x86.Build.0 = Debug|Any CPU
		{76065DE0-D2C9-4CDE-807D-F4CA2BCE16FF}.Release|Any CPU.ActiveCfg = Release|Any CPU
		{76065DE0-D2C9-4CDE-807D-F4CA2BCE16FF}.Release|Any CPU.Build.0 = Release|Any CPU
		{76065DE0-D2C9-4CDE-807D-F4CA2BCE16FF}.Release|x86.ActiveCfg = Release|Any CPU
		{76065DE0-D2C9-4CDE-807D-F4CA2BCE16FF}.Release|x86.Build.0 = Release|Any CPU
	EndGlobalSection
	GlobalSection(SolutionProperties) = preSolution
		HideSolutionNode = FALSE
	EndGlobalSection
	GlobalSection(NestedProjects) = preSolution
		{E4AB7ED5-3306-4688-98FA-01FE183532F3} = {9E7F1C69-8E6C-4F49-B0B5-9105F2DD47C2}
		{C78C371D-900D-4DA0-B8C3-77B16A40832E} = {FFB9AC74-7CDB-495C-9E88-B1908C42928C}
		{94A42ABA-B3A4-46F3-9F5E-E5D4C12515B3} = {FFB9AC74-7CDB-495C-9E88-B1908C42928C}
		{14A7AEA1-81E7-4E0C-B887-7154B4581C6E} = {BA7634C0-27F1-42B4-AA8F-299F387AEEE0}
		{D84BD08E-C03F-4AD8-B1D0-F3CB02EA5D98} = {FFB9AC74-7CDB-495C-9E88-B1908C42928C}
		{317BD903-A8A0-4109-8428-8F833601B4DC} = {9E7F1C69-8E6C-4F49-B0B5-9105F2DD47C2}
		{334BF617-4AB5-4CC9-8C37-46D412E3BDA5} = {9E7F1C69-8E6C-4F49-B0B5-9105F2DD47C2}
		{E37BEDE5-4525-4DE1-982D-92C7CE0DCFEA} = {BA7634C0-27F1-42B4-AA8F-299F387AEEE0}
		{96FB8685-C73D-478C-B60D-D97F25A73664} = {9E7F1C69-8E6C-4F49-B0B5-9105F2DD47C2}
		{9877B777-4261-47EC-9AC5-AFACD0342BA0} = {087276F0-44FC-4B5E-9839-F30D0E4EA35C}
		{3634CE11-F8B4-448C-A7CD-1BE570FC39A0} = {E19F5A46-55C7-4DD2-BE4F-7361AEAA07E6}
		{009E9C47-5AF0-4BB9-ADC3-F57243AC00DE} = {E19F5A46-55C7-4DD2-BE4F-7361AEAA07E6}
		{CEC03591-4373-4548-823A-563A70CBB7E0} = {E19F5A46-55C7-4DD2-BE4F-7361AEAA07E6}
		{76065DE0-D2C9-4CDE-807D-F4CA2BCE16FF} = {BA7634C0-27F1-42B4-AA8F-299F387AEEE0}
	EndGlobalSection
	GlobalSection(ExtensibilityGlobals) = postSolution
		SolutionGuid = {B2D69E24-5A6F-4286-A097-88C1BF8D651D}
	EndGlobalSection
EndGlobal
