
Microsoft Visual Studio Solution File, Format Version 12.00
# Visual Studio Version 16
VisualStudioVersion = 16.0.28803.202
MinimumVisualStudioVersion = 10.0.40219.1
Project("{9A19103F-16F7-4668-BE54-9A1E7A4F7556}") = "MatchRecorder", "MatchRecorder\MatchRecorder.csproj", "{E4AB7ED5-3306-4688-98FA-01FE183532F3}"
	ProjectSection(ProjectDependencies) = postProject
		{14A7AEA1-81E7-4E0C-B887-7154B4581C6E} = {14A7AEA1-81E7-4E0C-B887-7154B4581C6E}
	EndProjectSection
EndProject
Project("{9A19103F-16F7-4668-BE54-9A1E7A4F7556}") = "MatchUploader", "MatchUploader\MatchUploader.csproj", "{C78C371D-900D-4DA0-B8C3-77B16A40832E}"
	ProjectSection(ProjectDependencies) = postProject
		{14A7AEA1-81E7-4E0C-B887-7154B4581C6E} = {14A7AEA1-81E7-4E0C-B887-7154B4581C6E}
	EndProjectSection
EndProject
Project("{9A19103F-16F7-4668-BE54-9A1E7A4F7556}") = "MatchBot", "MatchBot\MatchBot.csproj", "{94A42ABA-B3A4-46F3-9F5E-E5D4C12515B3}"
	ProjectSection(ProjectDependencies) = postProject
		{14A7AEA1-81E7-4E0C-B887-7154B4581C6E} = {14A7AEA1-81E7-4E0C-B887-7154B4581C6E}
	EndProjectSection
EndProject
Project("{9A19103F-16F7-4668-BE54-9A1E7A4F7556}") = "MatchShared", "MatchShared\MatchShared.csproj", "{14A7AEA1-81E7-4E0C-B887-7154B4581C6E}"
EndProject
Project("{9A19103F-16F7-4668-BE54-9A1E7A4F7556}") = "MatchTest", "MatchTest\MatchTest.csproj", "{D84BD08E-C03F-4AD8-B1D0-F3CB02EA5D98}"
EndProject
Project("{9A19103F-16F7-4668-BE54-9A1E7A4F7556}") = "MatchLiteDatabase", "MatchLiteDatabase\MatchLiteDatabase.csproj", "{9B8D0D0E-6E44-4B0E-A5C5-57B7D6AB32E4}"
EndProject
Project("{9A19103F-16F7-4668-BE54-9A1E7A4F7556}") = "MatchShared.Replay", "MatchShared.Replay\MatchShared.Replay.csproj", "{5D2C9F0D-F2BE-4C14-8D13-BB1EF430624C}"
EndProject
Global
	GlobalSection(SolutionConfigurationPlatforms) = preSolution
		Debug|Any CPU = Debug|Any CPU
		Debug|x86 = Debug|x86
		Release|Any CPU = Release|Any CPU
		Release|x86 = Release|x86
	EndGlobalSection
	GlobalSection(ProjectConfigurationPlatforms) = postSolution
		{E4AB7ED5-3306-4688-98FA-01FE183532F3}.Debug|Any CPU.ActiveCfg = Debug|x86
		{E4AB7ED5-3306-4688-98FA-01FE183532F3}.Debug|x86.ActiveCfg = Debug|x86
		{E4AB7ED5-3306-4688-98FA-01FE183532F3}.Debug|x86.Build.0 = Debug|x86
		{E4AB7ED5-3306-4688-98FA-01FE183532F3}.Release|Any CPU.ActiveCfg = Release|x86
		{E4AB7ED5-3306-4688-98FA-01FE183532F3}.Release|Any CPU.Build.0 = Release|x86
		{E4AB7ED5-3306-4688-98FA-01FE183532F3}.Release|x86.ActiveCfg = Release|x86
		{E4AB7ED5-3306-4688-98FA-01FE183532F3}.Release|x86.Build.0 = Release|x86
		{C78C371D-900D-4DA0-B8C3-77B16A40832E}.Debug|Any CPU.ActiveCfg = Debug|Any CPU
		{C78C371D-900D-4DA0-B8C3-77B16A40832E}.Debug|Any CPU.Build.0 = Debug|Any CPU
		{C78C371D-900D-4DA0-B8C3-77B16A40832E}.Debug|x86.ActiveCfg = Debug|Any CPU
		{C78C371D-900D-4DA0-B8C3-77B16A40832E}.Debug|x86.Build.0 = Debug|Any CPU
		{C78C371D-900D-4DA0-B8C3-77B16A40832E}.Release|Any CPU.ActiveCfg = Release|Any CPU
		{C78C371D-900D-4DA0-B8C3-77B16A40832E}.Release|Any CPU.Build.0 = Release|Any CPU
		{C78C371D-900D-4DA0-B8C3-77B16A40832E}.Release|x86.ActiveCfg = Release|Any CPU
		{C78C371D-900D-4DA0-B8C3-77B16A40832E}.Release|x86.Build.0 = Release|Any CPU
		{94A42ABA-B3A4-46F3-9F5E-E5D4C12515B3}.Debug|Any CPU.ActiveCfg = Debug|Any CPU
		{94A42ABA-B3A4-46F3-9F5E-E5D4C12515B3}.Debug|Any CPU.Build.0 = Debug|Any CPU
		{94A42ABA-B3A4-46F3-9F5E-E5D4C12515B3}.Debug|x86.ActiveCfg = Debug|Any CPU
		{94A42ABA-B3A4-46F3-9F5E-E5D4C12515B3}.Debug|x86.Build.0 = Debug|Any CPU
		{94A42ABA-B3A4-46F3-9F5E-E5D4C12515B3}.Release|Any CPU.ActiveCfg = Release|Any CPU
		{94A42ABA-B3A4-46F3-9F5E-E5D4C12515B3}.Release|Any CPU.Build.0 = Release|Any CPU
		{94A42ABA-B3A4-46F3-9F5E-E5D4C12515B3}.Release|x86.ActiveCfg = Release|Any CPU
		{94A42ABA-B3A4-46F3-9F5E-E5D4C12515B3}.Release|x86.Build.0 = Release|Any CPU
		{14A7AEA1-81E7-4E0C-B887-7154B4581C6E}.Debug|Any CPU.ActiveCfg = Debug|Any CPU
		{14A7AEA1-81E7-4E0C-B887-7154B4581C6E}.Debug|Any CPU.Build.0 = Debug|Any CPU
		{14A7AEA1-81E7-4E0C-B887-7154B4581C6E}.Debug|x86.ActiveCfg = Debug|Any CPU
		{14A7AEA1-81E7-4E0C-B887-7154B4581C6E}.Debug|x86.Build.0 = Debug|Any CPU
		{14A7AEA1-81E7-4E0C-B887-7154B4581C6E}.Release|Any CPU.ActiveCfg = Release|Any CPU
		{14A7AEA1-81E7-4E0C-B887-7154B4581C6E}.Release|Any CPU.Build.0 = Release|Any CPU
		{14A7AEA1-81E7-4E0C-B887-7154B4581C6E}.Release|x86.ActiveCfg = Release|Any CPU
		{14A7AEA1-81E7-4E0C-B887-7154B4581C6E}.Release|x86.Build.0 = Release|Any CPU
		{D84BD08E-C03F-4AD8-B1D0-F3CB02EA5D98}.Debug|Any CPU.ActiveCfg = Debug|Any CPU
		{D84BD08E-C03F-4AD8-B1D0-F3CB02EA5D98}.Debug|Any CPU.Build.0 = Debug|Any CPU
		{D84BD08E-C03F-4AD8-B1D0-F3CB02EA5D98}.Debug|x86.ActiveCfg = Debug|Any CPU
		{D84BD08E-C03F-4AD8-B1D0-F3CB02EA5D98}.Debug|x86.Build.0 = Debug|Any CPU
		{D84BD08E-C03F-4AD8-B1D0-F3CB02EA5D98}.Release|Any CPU.ActiveCfg = Release|Any CPU
		{D84BD08E-C03F-4AD8-B1D0-F3CB02EA5D98}.Release|Any CPU.Build.0 = Release|Any CPU
		{D84BD08E-C03F-4AD8-B1D0-F3CB02EA5D98}.Release|x86.ActiveCfg = Release|Any CPU
		{D84BD08E-C03F-4AD8-B1D0-F3CB02EA5D98}.Release|x86.Build.0 = Release|Any CPU
		{9B8D0D0E-6E44-4B0E-A5C5-57B7D6AB32E4}.Debug|Any CPU.ActiveCfg = Debug|Any CPU
		{9B8D0D0E-6E44-4B0E-A5C5-57B7D6AB32E4}.Debug|Any CPU.Build.0 = Debug|Any CPU
		{9B8D0D0E-6E44-4B0E-A5C5-57B7D6AB32E4}.Debug|x86.ActiveCfg = Debug|Any CPU
		{9B8D0D0E-6E44-4B0E-A5C5-57B7D6AB32E4}.Debug|x86.Build.0 = Debug|Any CPU
		{9B8D0D0E-6E44-4B0E-A5C5-57B7D6AB32E4}.Release|Any CPU.ActiveCfg = Release|Any CPU
		{9B8D0D0E-6E44-4B0E-A5C5-57B7D6AB32E4}.Release|Any CPU.Build.0 = Release|Any CPU
		{9B8D0D0E-6E44-4B0E-A5C5-57B7D6AB32E4}.Release|x86.ActiveCfg = Release|Any CPU
		{9B8D0D0E-6E44-4B0E-A5C5-57B7D6AB32E4}.Release|x86.Build.0 = Release|Any CPU
		{5D2C9F0D-F2BE-4C14-8D13-BB1EF430624C}.Debug|Any CPU.ActiveCfg = Debug|Any CPU
		{5D2C9F0D-F2BE-4C14-8D13-BB1EF430624C}.Debug|Any CPU.Build.0 = Debug|Any CPU
		{5D2C9F0D-F2BE-4C14-8D13-BB1EF430624C}.Debug|x86.ActiveCfg = Debug|Any CPU
		{5D2C9F0D-F2BE-4C14-8D13-BB1EF430624C}.Debug|x86.Build.0 = Debug|Any CPU
		{5D2C9F0D-F2BE-4C14-8D13-BB1EF430624C}.Release|Any CPU.ActiveCfg = Release|Any CPU
		{5D2C9F0D-F2BE-4C14-8D13-BB1EF430624C}.Release|Any CPU.Build.0 = Release|Any CPU
		{5D2C9F0D-F2BE-4C14-8D13-BB1EF430624C}.Release|x86.ActiveCfg = Release|Any CPU
		{5D2C9F0D-F2BE-4C14-8D13-BB1EF430624C}.Release|x86.Build.0 = Release|Any CPU
	EndGlobalSection
	GlobalSection(SolutionProperties) = preSolution
		HideSolutionNode = FALSE
	EndGlobalSection
	GlobalSection(ExtensibilityGlobals) = postSolution
		SolutionGuid = {B2D69E24-5A6F-4286-A097-88C1BF8D651D}
	EndGlobalSection
EndGlobal
